
Microsoft Visual Studio Solution File, Format Version 12.00
# Visual Studio Version 16
VisualStudioVersion = 16.0.31729.503
MinimumVisualStudioVersion = 10.0.40219.1
Project("{2150E333-8FDC-42A3-9474-1A3956D46DE8}") = "FrontEnd", "FrontEnd", "{CE57D468-9753-44BA-AF97-D6A7F4A153E7}"
EndProject
Project("{2150E333-8FDC-42A3-9474-1A3956D46DE8}") = "Services", "Services", "{0E3765C9-4BEE-42E1-B927-C1E19F709517}"
EndProject
Project("{FAE04EC0-301F-11D3-BF4B-00C04F79EFBC}") = "GeekShopping.Web", "GeekShopping.Web\GeekShopping.Web.csproj", "{91665139-B154-473F-9412-185697F785BD}"
EndProject
Project("{FAE04EC0-301F-11D3-BF4B-00C04F79EFBC}") = "GeekShopping.ProductAPI", "GeekShopping.ProductAPI\GeekShopping.ProductAPI.csproj", "{1369D358-14C3-4306-905C-88B203822F9B}"
EndProject
Global
	GlobalSection(SolutionConfigurationPlatforms) = preSolution
		Debug|Any CPU = Debug|Any CPU
		Release|Any CPU = Release|Any CPU
	EndGlobalSection
	GlobalSection(ProjectConfigurationPlatforms) = postSolution
		{91665139-B154-473F-9412-185697F785BD}.Debug|Any CPU.ActiveCfg = Debug|Any CPU
		{91665139-B154-473F-9412-185697F785BD}.Debug|Any CPU.Build.0 = Debug|Any CPU
		{91665139-B154-473F-9412-185697F785BD}.Release|Any CPU.ActiveCfg = Release|Any CPU
		{91665139-B154-473F-9412-185697F785BD}.Release|Any CPU.Build.0 = Release|Any CPU
		{1369D358-14C3-4306-905C-88B203822F9B}.Debug|Any CPU.ActiveCfg = Debug|Any CPU
		{1369D358-14C3-4306-905C-88B203822F9B}.Debug|Any CPU.Build.0 = Debug|Any CPU
		{1369D358-14C3-4306-905C-88B203822F9B}.Release|Any CPU.ActiveCfg = Release|Any CPU
		{1369D358-14C3-4306-905C-88B203822F9B}.Release|Any CPU.Build.0 = Release|Any CPU
	EndGlobalSection
	GlobalSection(SolutionProperties) = preSolution
		HideSolutionNode = FALSE
	EndGlobalSection
	GlobalSection(NestedProjects) = preSolution
		{91665139-B154-473F-9412-185697F785BD} = {CE57D468-9753-44BA-AF97-D6A7F4A153E7}
		{1369D358-14C3-4306-905C-88B203822F9B} = {0E3765C9-4BEE-42E1-B927-C1E19F709517}
	EndGlobalSection
	GlobalSection(ExtensibilityGlobals) = postSolution
		SolutionGuid = {3D159F15-A2C2-4B1E-9D3B-522E5C8767CA}
	EndGlobalSection
EndGlobal
